
Microsoft Visual Studio Solution File, Format Version 12.00
# Visual Studio Version 16
VisualStudioVersion = 16.0.29609.76
MinimumVisualStudioVersion = 10.0.40219.1
Project("{FAE04EC0-301F-11D3-BF4B-00C04F79EFBC}") = "Ficha 1", "Ficha 1.csproj", "{02E88BB3-0AAF-41DD-892F-B3FA2918DB7F}"
EndProject
Global
	GlobalSection(SolutionConfigurationPlatforms) = preSolution
		Debug|Any CPU = Debug|Any CPU
		Release|Any CPU = Release|Any CPU
	EndGlobalSection
	GlobalSection(ProjectConfigurationPlatforms) = postSolution
		{02E88BB3-0AAF-41DD-892F-B3FA2918DB7F}.Debug|Any CPU.ActiveCfg = Debug|Any CPU
		{02E88BB3-0AAF-41DD-892F-B3FA2918DB7F}.Debug|Any CPU.Build.0 = Debug|Any CPU
		{02E88BB3-0AAF-41DD-892F-B3FA2918DB7F}.Release|Any CPU.ActiveCfg = Release|Any CPU
		{02E88BB3-0AAF-41DD-892F-B3FA2918DB7F}.Release|Any CPU.Build.0 = Release|Any CPU
	EndGlobalSection
	GlobalSection(SolutionProperties) = preSolution
		HideSolutionNode = FALSE
	EndGlobalSection
	GlobalSection(ExtensibilityGlobals) = postSolution
		SolutionGuid = {CB0BBDCE-90DD-4C53-8CBC-2C509540C8B7}
	EndGlobalSection
EndGlobal
