
Microsoft Visual Studio Solution File, Format Version 12.00
# Visual Studio Version 16
VisualStudioVersion = 16.0.29609.76
MinimumVisualStudioVersion = 10.0.40219.1
Project("{FAE04EC0-301F-11D3-BF4B-00C04F79EFBC}") = "Ficha 2", "Ficha 2.csproj", "{CAE089F9-3A90-4F9F-9151-33687530A703}"
EndProject
Global
	GlobalSection(SolutionConfigurationPlatforms) = preSolution
		Debug|Any CPU = Debug|Any CPU
		Release|Any CPU = Release|Any CPU
	EndGlobalSection
	GlobalSection(ProjectConfigurationPlatforms) = postSolution
		{CAE089F9-3A90-4F9F-9151-33687530A703}.Debug|Any CPU.ActiveCfg = Debug|Any CPU
		{CAE089F9-3A90-4F9F-9151-33687530A703}.Debug|Any CPU.Build.0 = Debug|Any CPU
		{CAE089F9-3A90-4F9F-9151-33687530A703}.Release|Any CPU.ActiveCfg = Release|Any CPU
		{CAE089F9-3A90-4F9F-9151-33687530A703}.Release|Any CPU.Build.0 = Release|Any CPU
	EndGlobalSection
	GlobalSection(SolutionProperties) = preSolution
		HideSolutionNode = FALSE
	EndGlobalSection
	GlobalSection(ExtensibilityGlobals) = postSolution
		SolutionGuid = {CBA2739B-C784-44FA-8AE6-7252EEE00B37}
	EndGlobalSection
EndGlobal
